
Microsoft Visual Studio Solution File, Format Version 12.00
Project("{FAE04EC0-301F-11D3-BF4B-00C04F79EFBC}") = "UD05Hangman", "UD05Hangman\UD05Hangman.csproj", "{A75D4202-958B-48D8-8F8C-8FD3AE5836F1}"
EndProject
Project("{FAE04EC0-301F-11D3-BF4B-00C04F79EFBC}") = "MyCalc", "MyCalc\MyCalc.csproj", "{D2E67B12-3298-4D1C-A3E1-8FC8B5980B38}"
EndProject
Global
	GlobalSection(SolutionConfigurationPlatforms) = preSolution
		Debug|Any CPU = Debug|Any CPU
		Release|Any CPU = Release|Any CPU
	EndGlobalSection
	GlobalSection(ProjectConfigurationPlatforms) = postSolution
		{A75D4202-958B-48D8-8F8C-8FD3AE5836F1}.Debug|Any CPU.ActiveCfg = Debug|Any CPU
		{A75D4202-958B-48D8-8F8C-8FD3AE5836F1}.Debug|Any CPU.Build.0 = Debug|Any CPU
		{A75D4202-958B-48D8-8F8C-8FD3AE5836F1}.Release|Any CPU.ActiveCfg = Release|Any CPU
		{A75D4202-958B-48D8-8F8C-8FD3AE5836F1}.Release|Any CPU.Build.0 = Release|Any CPU
		{D2E67B12-3298-4D1C-A3E1-8FC8B5980B38}.Debug|Any CPU.ActiveCfg = Debug|Any CPU
		{D2E67B12-3298-4D1C-A3E1-8FC8B5980B38}.Debug|Any CPU.Build.0 = Debug|Any CPU
		{D2E67B12-3298-4D1C-A3E1-8FC8B5980B38}.Release|Any CPU.ActiveCfg = Release|Any CPU
		{D2E67B12-3298-4D1C-A3E1-8FC8B5980B38}.Release|Any CPU.Build.0 = Release|Any CPU
	EndGlobalSection
EndGlobal
