
Microsoft Visual Studio Solution File, Format Version 12.00
Project("{FAE04EC0-301F-11D3-BF4B-00C04F79EFBC}") = "Calculator3", "Calculator3\Calculator3.csproj", "{F4C639A7-5888-40A0-B3E1-9F458516ED92}"
EndProject
Project("{FAE04EC0-301F-11D3-BF4B-00C04F79EFBC}") = "Calculator1", "Calculator1\Calculator1.csproj", "{D58FEE58-F2CE-4A67-A9FF-BCB35B09A491}"
EndProject
Project("{FAE04EC0-301F-11D3-BF4B-00C04F79EFBC}") = "Calculator2", "Calculator2\Calculator2.csproj", "{CA75281A-CD9E-457D-9119-70F8209AEE3C}"
EndProject
Global
	GlobalSection(SolutionConfigurationPlatforms) = preSolution
		Debug|Any CPU = Debug|Any CPU
		Release|Any CPU = Release|Any CPU
	EndGlobalSection
	GlobalSection(ProjectConfigurationPlatforms) = postSolution
		{F4C639A7-5888-40A0-B3E1-9F458516ED92}.Debug|Any CPU.ActiveCfg = Debug|Any CPU
		{F4C639A7-5888-40A0-B3E1-9F458516ED92}.Debug|Any CPU.Build.0 = Debug|Any CPU
		{F4C639A7-5888-40A0-B3E1-9F458516ED92}.Release|Any CPU.ActiveCfg = Release|Any CPU
		{F4C639A7-5888-40A0-B3E1-9F458516ED92}.Release|Any CPU.Build.0 = Release|Any CPU
		{D58FEE58-F2CE-4A67-A9FF-BCB35B09A491}.Debug|Any CPU.ActiveCfg = Debug|Any CPU
		{D58FEE58-F2CE-4A67-A9FF-BCB35B09A491}.Debug|Any CPU.Build.0 = Debug|Any CPU
		{D58FEE58-F2CE-4A67-A9FF-BCB35B09A491}.Release|Any CPU.ActiveCfg = Release|Any CPU
		{D58FEE58-F2CE-4A67-A9FF-BCB35B09A491}.Release|Any CPU.Build.0 = Release|Any CPU
		{CA75281A-CD9E-457D-9119-70F8209AEE3C}.Debug|Any CPU.ActiveCfg = Debug|Any CPU
		{CA75281A-CD9E-457D-9119-70F8209AEE3C}.Debug|Any CPU.Build.0 = Debug|Any CPU
		{CA75281A-CD9E-457D-9119-70F8209AEE3C}.Release|Any CPU.ActiveCfg = Release|Any CPU
		{CA75281A-CD9E-457D-9119-70F8209AEE3C}.Release|Any CPU.Build.0 = Release|Any CPU
	EndGlobalSection
EndGlobal
